PODS:
  - Flutter (1.0.0)
  - native_shared_preferences (1.0.0):
    - Flutter
  - shared_preferences (0.0.1):
    - Flutter

DEPENDENCIES:
  - Flutter (from `Flutter`)
  - native_shared_preferences (from `.symlinks/plugins/native_shared_preferences/ios`)
  - shared_preferences (from `.symlinks/plugins/shared_preferences/ios`)

EXTERNAL SOURCES:
  Flutter:
    :path: Flutter
  native_shared_preferences:
    :path: ".symlinks/plugins/native_shared_preferences/ios"
  shared_preferences:
    :path: ".symlinks/plugins/shared_preferences/ios"

SPEC CHECKSUMS:
  Flutter: 434fef37c0980e73bb6479ef766c45957d4b510c
  native_shared_preferences: 21a805f6149643c25a20a4f534692131faebadfe
  shared_preferences: af6bfa751691cdc24be3045c43ec037377ada40d

PODFILE CHECKSUM: 0d204ee2d5d414d6a4eb68ef7e53d7ba7807f861

COCOAPODS: 1.10.1
