PODS:
  - Flutter (1.0.0)
  - native_shared_preferences (1.0.0):
    - Flutter
  - shared_preferences_ios (0.0.1):
    - Flutter

DEPENDENCIES:
  - Flutter (from `Flutter`)
  - native_shared_preferences (from `.symlinks/plugins/native_shared_preferences/ios`)
  - shared_preferences_ios (from `.symlinks/plugins/shared_preferences_ios/ios`)

EXTERNAL SOURCES:
  Flutter:
    :path: Flutter
  native_shared_preferences:
    :path: ".symlinks/plugins/native_shared_preferences/ios"
  shared_preferences_ios:
    :path: ".symlinks/plugins/shared_preferences_ios/ios"

SPEC CHECKSUMS:
  Flutter: 50d75fe2f02b26cc09d224853bb45737f8b3214a
  native_shared_preferences: 21a805f6149643c25a20a4f534692131faebadfe
  shared_preferences_ios: 548a61f8053b9b8a49ac19c1ffbc8b92c50d68ad

PODFILE CHECKSUM: 0d204ee2d5d414d6a4eb68ef7e53d7ba7807f861

COCOAPODS: 1.11.2
