PODS:
  - Flutter (1.0.0)
  - native_shared_preferences (1.0.0):
    - Flutter
  - shared_preferences_ios (0.0.1):
    - Flutter

DEPENDENCIES:
  - Flutter (from `Flutter`)
  - native_shared_preferences (from `.symlinks/plugins/native_shared_preferences/ios`)
  - shared_preferences_ios (from `.symlinks/plugins/shared_preferences_ios/ios`)

EXTERNAL SOURCES:
  Flutter:
    :path: Flutter
  native_shared_preferences:
    :path: ".symlinks/plugins/native_shared_preferences/ios"
  shared_preferences_ios:
    :path: ".symlinks/plugins/shared_preferences_ios/ios"

SPEC CHECKSUMS:
  Flutter: f04841e97a9d0b0a8025694d0796dd46242b2854
  native_shared_preferences: 21a805f6149643c25a20a4f534692131faebadfe
  shared_preferences_ios: 548a61f8053b9b8a49ac19c1ffbc8b92c50d68ad

PODFILE CHECKSUM: 192af1235a6ea72a4f146a90a1ffb9c141686354

COCOAPODS: 1.12.0
